version = 1
revision = 3
requires-python = ">=3.12"

[manifest]

[manifest.dependency-groups]
dev = [{ name = "types-pyyaml", specifier = ">=6.0.12.20260815" }]

[[package]]
name = "types-pyyaml"
version = "6.0.12.20260815"
source = { registry = "https://pypi.org/simple" }
sdist = { url = "https://files.pythonhosted.org/packages/9f/72/b56089aeee6c496d969bac42376bedb6e3eeab4682e1018fa3137122f94b/types_pyyaml-6.0.12.20260815.tar.gz", hash = "sha256:28764110c9cf35846e733da32d8d734df7473c5dde9ef67c3b7332ec0e819858", size = 18545, upload-time = "2026-08-15T02:41:51.532Z" }
wheels = [
    { url = "https://files.pythonhosted.org/packages/08/52/eefeba09be4ef2a1eb989eb92934561e8e502a6ee3c32654996e4be7e399/types_pyyaml-6.0.12.20260815-py3-none-any.whl", hash = "sha256:6f332212b7e191f3afd5016a713c510b6340593b7ebec573c7d5d20aa5386d3b", size = 21148, upload-time = "2026-08-15T02:41:50.555Z" },
]
